{
  "name": "typescript",
  "lockfileVersion": 3,
  "requires": true,
  "packages": {
    "": {
      "dependencies": {
        "@moss-dev/moss": "^1.0.1",
        "dotenv": "^17.4.2"
      }
    },
    "node_modules/@moss-dev/moss": {
      "version": "1.0.1",
      "resolved": "https://registry.npmjs.org/@moss-dev/moss/-/moss-1.0.1.tgz",
      "integrity": "sha512-2AhRKHwXHoB38nK5ulLNDLp4sUni7qreiJi7w1d4ADzpsKrDAW+Jqx5apKgQXrV0gg5vI/s+qNLHhWh1gDEHIg==",
      "license": "SEE LICENSE IN LICENSE",
      "dependencies": {
        "@moss-dev/moss-core": "0.9.2"
      }
    },
    "node_modules/@moss-dev/moss-core": {
      "version": "0.9.2",
      "resolved": "https://registry.npmjs.org/@moss-dev/moss-core/-/moss-core-0.9.2.tgz",
      "integrity": "sha512-YIGyp6ybQb+hCkWaawKVq2HEvKYuryyrSfWZ6aPWSae9IeqGW9o6KK4MuvHYQ6I2JF2umjc3M45AuwM9dBt7FQ==",
      "license": "Proprietary",
      "engines": {
        "node": ">=20"
      },
      "optionalDependencies": {
        "@moss-dev/moss-core-darwin-arm64": "0.9.2",
        "@moss-dev/moss-core-linux-arm64-gnu": "0.9.2",
        "@moss-dev/moss-core-linux-x64-gnu": "0.9.2",
        "@moss-dev/moss-core-win32-x64-msvc": "0.9.2"
      }
    },
    "node_modules/@moss-dev/moss-core-darwin-arm64": {
      "version": "0.9.2",
      "resolved": "https://registry.npmjs.org/@moss-dev/moss-core-darwin-arm64/-/moss-core-darwin-arm64-0.9.2.tgz",
      "integrity": "sha512-KhGKi8DRqVDVZI8hqHhi1g8JupYB2plQjruoS0G0ChAIRVJ4zhAHWSt1NuQBkniP2gJUw25/nYtkbP4zLYfCvQ==",
      "cpu": [
        "arm64"
      ],
      "license": "Proprietary",
      "optional": true,
      "os": [
        "darwin"
      ],
      "engines": {
        "node": ">=20"
      }
    },
    "node_modules/@moss-dev/moss-core-linux-arm64-gnu": {
      "version": "0.9.2",
      "resolved": "https://registry.npmjs.org/@moss-dev/moss-core-linux-arm64-gnu/-/moss-core-linux-arm64-gnu-0.9.2.tgz",
      "integrity": "sha512-p8iZ6YIg73SVx++0bN9YlePcBL0ig2CVazIeKbKEWLOPZ8ZPBSTjXsZvOtfPQNlJoIjvKaP7fM4ROicSAThoEg==",
      "cpu": [
        "arm64"
      ],
      "license": "Proprietary",
      "optional": true,
      "os": [
        "linux"
      ],
      "engines": {
        "node": ">=20"
      }
    },
    "node_modules/@moss-dev/moss-core-linux-x64-gnu": {
      "version": "0.9.2",
      "resolved": "https://registry.npmjs.org/@moss-dev/moss-core-linux-x64-gnu/-/moss-core-linux-x64-gnu-0.9.2.tgz",
      "integrity": "sha512-xjz7njIZB4G81srq+1/3cbtDMt2932mOY2uzVMEW1t/F5tmthssAfTU7Eu6AuQSOnSx3ADCIngirakrxTpFv6w==",
      "cpu": [
        "x64"
      ],
      "license": "Proprietary",
      "optional": true,
      "os": [
        "linux"
      ],
      "engines": {
        "node": ">=20"
      }
    },
    "node_modules/@moss-dev/moss-core-win32-x64-msvc": {
      "version": "0.9.2",
      "resolved": "https://registry.npmjs.org/@moss-dev/moss-core-win32-x64-msvc/-/moss-core-win32-x64-msvc-0.9.2.tgz",
      "integrity": "sha512-jL1P73uzg8EdWedM07lKnjBdyj2OnyxPVa2RaHkaFicdnXijq0B+/lIUzed/yFHHdc1mAlduH4C8CgL6SlRdvA==",
      "cpu": [
        "x64"
      ],
      "license": "Proprietary",
      "optional": true,
      "os": [
        "win32"
      ],
      "engines": {
        "node": ">=20"
      }
    },
    "node_modules/dotenv": {
      "version": "17.4.2",
      "resolved": "https://registry.npmjs.org/dotenv/-/dotenv-17.4.2.tgz",
      "integrity": "sha512-nI4U3TottKAcAD9LLud4Cb7b2QztQMUEfHbvhTH09bqXTxnSie8WnjPALV/WMCrJZ6UV/qHJ6L03OqO3LcdYZw==",
      "license": "BSD-2-Clause",
      "engines": {
        "node": ">=12"
      },
      "funding": {
        "url": "https://dotenvx.com"
      }
    }
  }
}
